
Microsoft Visual Studio Solution File, Format Version 12.00
# Visual Studio Version 17
VisualStudioVersion = 17.8.34330.188
MinimumVisualStudioVersion = 10.0.40219.1
Project("{9A19103F-16F7-4668-BE54-9A1E7A4F7556}") = "Exercice4", "Exercice4\Exercice4.csproj", "{7F19A9CA-F9C6-4019-9328-A3F21F35607C}"
EndProject
Project("{9A19103F-16F7-4668-BE54-9A1E7A4F7556}") = "Exercice5", "Exercice5\Exercice5.csproj", "{38EB4351-FBA5-495E-A6C9-5851C4F45ADF}"
EndProject
Project("{9A19103F-16F7-4668-BE54-9A1E7A4F7556}") = "Exercice6", "Exercice6\Exercice6.csproj", "{FCD1AA2A-7647-4204-8EB2-CD7E6C34B865}"
EndProject
Project("{9A19103F-16F7-4668-BE54-9A1E7A4F7556}") = "Exercice7", "Exercice7\Exercice7.csproj", "{07FDDB04-BBF9-475E-8FF7-020A5836F292}"
EndProject
Project("{9A19103F-16F7-4668-BE54-9A1E7A4F7556}") = "Exercice8", "Exercice8\Exercice8.csproj", "{5A4A453B-C8C8-4C37-9AC6-29967D21817D}"
EndProject
Project("{9A19103F-16F7-4668-BE54-9A1E7A4F7556}") = "Exercice9", "Exercice9\Exercice9.csproj", "{D8A10995-E321-41C7-8B5F-F3E047D01BD5}"
EndProject
Project("{9A19103F-16F7-4668-BE54-9A1E7A4F7556}") = "Exercice10", "Exercice10\Exercice10.csproj", "{23B0A86B-5CF0-4C6A-84A1-7ABFDF7760F4}"
EndProject
Project("{9A19103F-16F7-4668-BE54-9A1E7A4F7556}") = "Exercice11", "Exercice11\Exercice11.csproj", "{D2EF8A78-EFF3-4018-82D7-93ADDB452210}"
EndProject
Project("{9A19103F-16F7-4668-BE54-9A1E7A4F7556}") = "Exercice12", "Exercice12\Exercice12.csproj", "{56198E9F-58C0-4827-8689-E63CBCADD688}"
EndProject
Project("{9A19103F-16F7-4668-BE54-9A1E7A4F7556}") = "Exercice13", "Exercice13\Exercice13.csproj", "{4963E686-53F4-4A45-BF9E-0165F2E88D1B}"
EndProject
Project("{9A19103F-16F7-4668-BE54-9A1E7A4F7556}") = "Exercice14", "Exercice14\Exercice14.csproj", "{C56DEDBF-8E18-46B8-96CB-84ACD982473B}"
EndProject
Project("{9A19103F-16F7-4668-BE54-9A1E7A4F7556}") = "Exercice15", "Exercice15\Exercice15.csproj", "{35F1CD8E-BF71-4453-979D-6346A2FD46ED}"
EndProject
Project("{9A19103F-16F7-4668-BE54-9A1E7A4F7556}") = "Exercice17", "Exercice17\Exercice17.csproj", "{F58375DA-3B37-41E3-9390-697AC60EE8D0}"
EndProject
Project("{9A19103F-16F7-4668-BE54-9A1E7A4F7556}") = "Exercice18", "Exercice18\Exercice18.csproj", "{2374FA81-8151-485A-BF53-950E041E4F2B}"
EndProject
Project("{9A19103F-16F7-4668-BE54-9A1E7A4F7556}") = "Exercice20", "Exercice20\Exercice20.csproj", "{40409249-B036-4DEC-94B0-CDF595A1626F}"
EndProject
Project("{9A19103F-16F7-4668-BE54-9A1E7A4F7556}") = "Exercice21", "Exercice21\Exercice21.csproj", "{144EFA1C-E0D1-4A20-926F-F7989089EAD0}"
EndProject
Project("{9A19103F-16F7-4668-BE54-9A1E7A4F7556}") = "Exercice22", "Exercice22\Exercice22.csproj", "{E5A9F049-44A8-4E9C-8370-DD8E99C3F0A3}"
EndProject
Project("{9A19103F-16F7-4668-BE54-9A1E7A4F7556}") = "Exercice23", "Exercice23\Exercice23.csproj", "{7CD33333-990C-4FC4-B80A-FF84D504CC61}"
EndProject
Project("{9A19103F-16F7-4668-BE54-9A1E7A4F7556}") = "Exercice24", "Exercice24\Exercice24.csproj", "{8A0C0EE3-F52E-47CE-ABA3-888E7B736094}"
EndProject
Project("{9A19103F-16F7-4668-BE54-9A1E7A4F7556}") = "Exercice22-bonus", "Exercice22-bonus\Exercice22-bonus.csproj", "{09605337-45D0-4A0D-9EDD-BF7830369490}"
EndProject
Project("{FAE04EC0-301F-11D3-BF4B-00C04F79EFBC}") = "Exercice25", "Sapin\Exercice25.csproj", "{AC9A0B68-B1D6-4D37-8D0A-9F2016DFC3DC}"
EndProject
Project("{FAE04EC0-301F-11D3-BF4B-00C04F79EFBC}") = "Exercice25-bonus", "Exercice25-bonus\Exercice25-bonus.csproj", "{A05F7C0E-0B23-46DC-8883-FB6A58057767}"
EndProject
Project("{FAE04EC0-301F-11D3-BF4B-00C04F79EFBC}") = "Exercice28", "Exercice28\Exercice28.csproj", "{6D7953A2-D2C0-4B0E-8A32-CAF70915C74F}"
EndProject
Project("{FAE04EC0-301F-11D3-BF4B-00C04F79EFBC}") = "Exercice29", "Exercice29\Exercice29.csproj", "{B10D5418-C351-4BEB-B3E0-01FBDFDF6058}"
EndProject
Project("{FAE04EC0-301F-11D3-BF4B-00C04F79EFBC}") = "Exercice32", "Exercice32\Exercice32.csproj", "{11B86B4C-6422-4580-B9FE-85422F51AFCD}"
EndProject
Project("{FAE04EC0-301F-11D3-BF4B-00C04F79EFBC}") = "Exercice33", "Exercice33\Exercice33.csproj", "{CB7083EA-EDBF-4401-A79F-2542F752C384}"
EndProject
Global
	GlobalSection(SolutionConfigurationPlatforms) = preSolution
		Debug|Any CPU = Debug|Any CPU
		Release|Any CPU = Release|Any CPU
	EndGlobalSection
	GlobalSection(ProjectConfigurationPlatforms) = postSolution
		{7F19A9CA-F9C6-4019-9328-A3F21F35607C}.Debug|Any CPU.ActiveCfg = Debug|Any CPU
		{7F19A9CA-F9C6-4019-9328-A3F21F35607C}.Debug|Any CPU.Build.0 = Debug|Any CPU
		{7F19A9CA-F9C6-4019-9328-A3F21F35607C}.Release|Any CPU.ActiveCfg = Release|Any CPU
		{7F19A9CA-F9C6-4019-9328-A3F21F35607C}.Release|Any CPU.Build.0 = Release|Any CPU
		{38EB4351-FBA5-495E-A6C9-5851C4F45ADF}.Debug|Any CPU.ActiveCfg = Debug|Any CPU
		{38EB4351-FBA5-495E-A6C9-5851C4F45ADF}.Debug|Any CPU.Build.0 = Debug|Any CPU
		{38EB4351-FBA5-495E-A6C9-5851C4F45ADF}.Release|Any CPU.ActiveCfg = Release|Any CPU
		{38EB4351-FBA5-495E-A6C9-5851C4F45ADF}.Release|Any CPU.Build.0 = Release|Any CPU
		{FCD1AA2A-7647-4204-8EB2-CD7E6C34B865}.Debug|Any CPU.ActiveCfg = Debug|Any CPU
		{FCD1AA2A-7647-4204-8EB2-CD7E6C34B865}.Debug|Any CPU.Build.0 = Debug|Any CPU
		{FCD1AA2A-7647-4204-8EB2-CD7E6C34B865}.Release|Any CPU.ActiveCfg = Release|Any CPU
		{FCD1AA2A-7647-4204-8EB2-CD7E6C34B865}.Release|Any CPU.Build.0 = Release|Any CPU
		{07FDDB04-BBF9-475E-8FF7-020A5836F292}.Debug|Any CPU.ActiveCfg = Debug|Any CPU
		{07FDDB04-BBF9-475E-8FF7-020A5836F292}.Debug|Any CPU.Build.0 = Debug|Any CPU
		{07FDDB04-BBF9-475E-8FF7-020A5836F292}.Release|Any CPU.ActiveCfg = Release|Any CPU
		{07FDDB04-BBF9-475E-8FF7-020A5836F292}.Release|Any CPU.Build.0 = Release|Any CPU
		{5A4A453B-C8C8-4C37-9AC6-29967D21817D}.Debug|Any CPU.ActiveCfg = Debug|Any CPU
		{5A4A453B-C8C8-4C37-9AC6-29967D21817D}.Debug|Any CPU.Build.0 = Debug|Any CPU
		{5A4A453B-C8C8-4C37-9AC6-29967D21817D}.Release|Any CPU.ActiveCfg = Release|Any CPU
		{5A4A453B-C8C8-4C37-9AC6-29967D21817D}.Release|Any CPU.Build.0 = Release|Any CPU
		{D8A10995-E321-41C7-8B5F-F3E047D01BD5}.Debug|Any CPU.ActiveCfg = Debug|Any CPU
		{D8A10995-E321-41C7-8B5F-F3E047D01BD5}.Debug|Any CPU.Build.0 = Debug|Any CPU
		{D8A10995-E321-41C7-8B5F-F3E047D01BD5}.Release|Any CPU.ActiveCfg = Release|Any CPU
		{D8A10995-E321-41C7-8B5F-F3E047D01BD5}.Release|Any CPU.Build.0 = Release|Any CPU
		{23B0A86B-5CF0-4C6A-84A1-7ABFDF7760F4}.Debug|Any CPU.ActiveCfg = Debug|Any CPU
		{23B0A86B-5CF0-4C6A-84A1-7ABFDF7760F4}.Debug|Any CPU.Build.0 = Debug|Any CPU
		{23B0A86B-5CF0-4C6A-84A1-7ABFDF7760F4}.Release|Any CPU.ActiveCfg = Release|Any CPU
		{23B0A86B-5CF0-4C6A-84A1-7ABFDF7760F4}.Release|Any CPU.Build.0 = Release|Any CPU
		{D2EF8A78-EFF3-4018-82D7-93ADDB452210}.Debug|Any CPU.ActiveCfg = Debug|Any CPU
		{D2EF8A78-EFF3-4018-82D7-93ADDB452210}.Debug|Any CPU.Build.0 = Debug|Any CPU
		{D2EF8A78-EFF3-4018-82D7-93ADDB452210}.Release|Any CPU.ActiveCfg = Release|Any CPU
		{D2EF8A78-EFF3-4018-82D7-93ADDB452210}.Release|Any CPU.Build.0 = Release|Any CPU
		{56198E9F-58C0-4827-8689-E63CBCADD688}.Debug|Any CPU.ActiveCfg = Debug|Any CPU
		{56198E9F-58C0-4827-8689-E63CBCADD688}.Debug|Any CPU.Build.0 = Debug|Any CPU
		{56198E9F-58C0-4827-8689-E63CBCADD688}.Release|Any CPU.ActiveCfg = Release|Any CPU
		{56198E9F-58C0-4827-8689-E63CBCADD688}.Release|Any CPU.Build.0 = Release|Any CPU
		{4963E686-53F4-4A45-BF9E-0165F2E88D1B}.Debug|Any CPU.ActiveCfg = Debug|Any CPU
		{4963E686-53F4-4A45-BF9E-0165F2E88D1B}.Debug|Any CPU.Build.0 = Debug|Any CPU
		{4963E686-53F4-4A45-BF9E-0165F2E88D1B}.Release|Any CPU.ActiveCfg = Release|Any CPU
		{4963E686-53F4-4A45-BF9E-0165F2E88D1B}.Release|Any CPU.Build.0 = Release|Any CPU
		{C56DEDBF-8E18-46B8-96CB-84ACD982473B}.Debug|Any CPU.ActiveCfg = Debug|Any CPU
		{C56DEDBF-8E18-46B8-96CB-84ACD982473B}.Debug|Any CPU.Build.0 = Debug|Any CPU
		{C56DEDBF-8E18-46B8-96CB-84ACD982473B}.Release|Any CPU.ActiveCfg = Release|Any CPU
		{C56DEDBF-8E18-46B8-96CB-84ACD982473B}.Release|Any CPU.Build.0 = Release|Any CPU
		{35F1CD8E-BF71-4453-979D-6346A2FD46ED}.Debug|Any CPU.ActiveCfg = Debug|Any CPU
		{35F1CD8E-BF71-4453-979D-6346A2FD46ED}.Debug|Any CPU.Build.0 = Debug|Any CPU
		{35F1CD8E-BF71-4453-979D-6346A2FD46ED}.Release|Any CPU.ActiveCfg = Release|Any CPU
		{35F1CD8E-BF71-4453-979D-6346A2FD46ED}.Release|Any CPU.Build.0 = Release|Any CPU
		{F58375DA-3B37-41E3-9390-697AC60EE8D0}.Debug|Any CPU.ActiveCfg = Debug|Any CPU
		{F58375DA-3B37-41E3-9390-697AC60EE8D0}.Debug|Any CPU.Build.0 = Debug|Any CPU
		{F58375DA-3B37-41E3-9390-697AC60EE8D0}.Release|Any CPU.ActiveCfg = Release|Any CPU
		{F58375DA-3B37-41E3-9390-697AC60EE8D0}.Release|Any CPU.Build.0 = Release|Any CPU
		{2374FA81-8151-485A-BF53-950E041E4F2B}.Debug|Any CPU.ActiveCfg = Debug|Any CPU
		{2374FA81-8151-485A-BF53-950E041E4F2B}.Debug|Any CPU.Build.0 = Debug|Any CPU
		{2374FA81-8151-485A-BF53-950E041E4F2B}.Release|Any CPU.ActiveCfg = Release|Any CPU
		{2374FA81-8151-485A-BF53-950E041E4F2B}.Release|Any CPU.Build.0 = Release|Any CPU
		{40409249-B036-4DEC-94B0-CDF595A1626F}.Debug|Any CPU.ActiveCfg = Debug|Any CPU
		{40409249-B036-4DEC-94B0-CDF595A1626F}.Debug|Any CPU.Build.0 = Debug|Any CPU
		{40409249-B036-4DEC-94B0-CDF595A1626F}.Release|Any CPU.ActiveCfg = Release|Any CPU
		{40409249-B036-4DEC-94B0-CDF595A1626F}.Release|Any CPU.Build.0 = Release|Any CPU
		{144EFA1C-E0D1-4A20-926F-F7989089EAD0}.Debug|Any CPU.ActiveCfg = Debug|Any CPU
		{144EFA1C-E0D1-4A20-926F-F7989089EAD0}.Debug|Any CPU.Build.0 = Debug|Any CPU
		{144EFA1C-E0D1-4A20-926F-F7989089EAD0}.Release|Any CPU.ActiveCfg = Release|Any CPU
		{144EFA1C-E0D1-4A20-926F-F7989089EAD0}.Release|Any CPU.Build.0 = Release|Any CPU
		{E5A9F049-44A8-4E9C-8370-DD8E99C3F0A3}.Debug|Any CPU.ActiveCfg = Debug|Any CPU
		{E5A9F049-44A8-4E9C-8370-DD8E99C3F0A3}.Debug|Any CPU.Build.0 = Debug|Any CPU
		{E5A9F049-44A8-4E9C-8370-DD8E99C3F0A3}.Release|Any CPU.ActiveCfg = Release|Any CPU
		{E5A9F049-44A8-4E9C-8370-DD8E99C3F0A3}.Release|Any CPU.Build.0 = Release|Any CPU
		{7CD33333-990C-4FC4-B80A-FF84D504CC61}.Debug|Any CPU.ActiveCfg = Debug|Any CPU
		{7CD33333-990C-4FC4-B80A-FF84D504CC61}.Debug|Any CPU.Build.0 = Debug|Any CPU
		{7CD33333-990C-4FC4-B80A-FF84D504CC61}.Release|Any CPU.ActiveCfg = Release|Any CPU
		{7CD33333-990C-4FC4-B80A-FF84D504CC61}.Release|Any CPU.Build.0 = Release|Any CPU
		{8A0C0EE3-F52E-47CE-ABA3-888E7B736094}.Debug|Any CPU.ActiveCfg = Debug|Any CPU
		{8A0C0EE3-F52E-47CE-ABA3-888E7B736094}.Debug|Any CPU.Build.0 = Debug|Any CPU
		{8A0C0EE3-F52E-47CE-ABA3-888E7B736094}.Release|Any CPU.ActiveCfg = Release|Any CPU
		{8A0C0EE3-F52E-47CE-ABA3-888E7B736094}.Release|Any CPU.Build.0 = Release|Any CPU
		{09605337-45D0-4A0D-9EDD-BF7830369490}.Debug|Any CPU.ActiveCfg = Debug|Any CPU
		{09605337-45D0-4A0D-9EDD-BF7830369490}.Debug|Any CPU.Build.0 = Debug|Any CPU
		{09605337-45D0-4A0D-9EDD-BF7830369490}.Release|Any CPU.ActiveCfg = Release|Any CPU
		{09605337-45D0-4A0D-9EDD-BF7830369490}.Release|Any CPU.Build.0 = Release|Any CPU
		{AC9A0B68-B1D6-4D37-8D0A-9F2016DFC3DC}.Debug|Any CPU.ActiveCfg = Debug|Any CPU
		{AC9A0B68-B1D6-4D37-8D0A-9F2016DFC3DC}.Debug|Any CPU.Build.0 = Debug|Any CPU
		{AC9A0B68-B1D6-4D37-8D0A-9F2016DFC3DC}.Release|Any CPU.ActiveCfg = Release|Any CPU
		{AC9A0B68-B1D6-4D37-8D0A-9F2016DFC3DC}.Release|Any CPU.Build.0 = Release|Any CPU
		{A05F7C0E-0B23-46DC-8883-FB6A58057767}.Debug|Any CPU.ActiveCfg = Debug|Any CPU
		{A05F7C0E-0B23-46DC-8883-FB6A58057767}.Debug|Any CPU.Build.0 = Debug|Any CPU
		{A05F7C0E-0B23-46DC-8883-FB6A58057767}.Release|Any CPU.ActiveCfg = Release|Any CPU
		{A05F7C0E-0B23-46DC-8883-FB6A58057767}.Release|Any CPU.Build.0 = Release|Any CPU
		{6D7953A2-D2C0-4B0E-8A32-CAF70915C74F}.Debug|Any CPU.ActiveCfg = Debug|Any CPU
		{6D7953A2-D2C0-4B0E-8A32-CAF70915C74F}.Debug|Any CPU.Build.0 = Debug|Any CPU
		{6D7953A2-D2C0-4B0E-8A32-CAF70915C74F}.Release|Any CPU.ActiveCfg = Release|Any CPU
		{6D7953A2-D2C0-4B0E-8A32-CAF70915C74F}.Release|Any CPU.Build.0 = Release|Any CPU
		{B10D5418-C351-4BEB-B3E0-01FBDFDF6058}.Debug|Any CPU.ActiveCfg = Debug|Any CPU
		{B10D5418-C351-4BEB-B3E0-01FBDFDF6058}.Debug|Any CPU.Build.0 = Debug|Any CPU
		{B10D5418-C351-4BEB-B3E0-01FBDFDF6058}.Release|Any CPU.ActiveCfg = Release|Any CPU
		{B10D5418-C351-4BEB-B3E0-01FBDFDF6058}.Release|Any CPU.Build.0 = Release|Any CPU
		{11B86B4C-6422-4580-B9FE-85422F51AFCD}.Debug|Any CPU.ActiveCfg = Debug|Any CPU
		{11B86B4C-6422-4580-B9FE-85422F51AFCD}.Debug|Any CPU.Build.0 = Debug|Any CPU
		{11B86B4C-6422-4580-B9FE-85422F51AFCD}.Release|Any CPU.ActiveCfg = Release|Any CPU
		{11B86B4C-6422-4580-B9FE-85422F51AFCD}.Release|Any CPU.Build.0 = Release|Any CPU
		{CB7083EA-EDBF-4401-A79F-2542F752C384}.Debug|Any CPU.ActiveCfg = Debug|Any CPU
		{CB7083EA-EDBF-4401-A79F-2542F752C384}.Debug|Any CPU.Build.0 = Debug|Any CPU
		{CB7083EA-EDBF-4401-A79F-2542F752C384}.Release|Any CPU.ActiveCfg = Release|Any CPU
		{CB7083EA-EDBF-4401-A79F-2542F752C384}.Release|Any CPU.Build.0 = Release|Any CPU
	EndGlobalSection
	GlobalSection(SolutionProperties) = preSolution
		HideSolutionNode = FALSE
	EndGlobalSection
	GlobalSection(ExtensibilityGlobals) = postSolution
		SolutionGuid = {769AE5A3-DBEB-4BEA-82B9-4A223ECE2635}
	EndGlobalSection
EndGlobal
