
Microsoft Visual Studio Solution File, Format Version 12.00
# Visual Studio Version 17
VisualStudioVersion = 17.8.34330.188
MinimumVisualStudioVersion = 10.0.40219.1
Project("{FAE04EC0-301F-11D3-BF4B-00C04F79EFBC}") = "Exercice4", "Exercice4\Exercice4.csproj", "{7F19A9CA-F9C6-4019-9328-A3F21F35607C}"
EndProject
Project("{FAE04EC0-301F-11D3-BF4B-00C04F79EFBC}") = "Exercice5", "Exercice5\Exercice5.csproj", "{38EB4351-FBA5-495E-A6C9-5851C4F45ADF}"
EndProject
Global
	GlobalSection(SolutionConfigurationPlatforms) = preSolution
		Debug|Any CPU = Debug|Any CPU
		Release|Any CPU = Release|Any CPU
	EndGlobalSection
	GlobalSection(ProjectConfigurationPlatforms) = postSolution
		{7F19A9CA-F9C6-4019-9328-A3F21F35607C}.Debug|Any CPU.ActiveCfg = Debug|Any CPU
		{7F19A9CA-F9C6-4019-9328-A3F21F35607C}.Debug|Any CPU.Build.0 = Debug|Any CPU
		{7F19A9CA-F9C6-4019-9328-A3F21F35607C}.Release|Any CPU.ActiveCfg = Release|Any CPU
		{7F19A9CA-F9C6-4019-9328-A3F21F35607C}.Release|Any CPU.Build.0 = Release|Any CPU
		{38EB4351-FBA5-495E-A6C9-5851C4F45ADF}.Debug|Any CPU.ActiveCfg = Debug|Any CPU
		{38EB4351-FBA5-495E-A6C9-5851C4F45ADF}.Debug|Any CPU.Build.0 = Debug|Any CPU
		{38EB4351-FBA5-495E-A6C9-5851C4F45ADF}.Release|Any CPU.ActiveCfg = Release|Any CPU
		{38EB4351-FBA5-495E-A6C9-5851C4F45ADF}.Release|Any CPU.Build.0 = Release|Any CPU
	EndGlobalSection
	GlobalSection(SolutionProperties) = preSolution
		HideSolutionNode = FALSE
	EndGlobalSection
	GlobalSection(ExtensibilityGlobals) = postSolution
		SolutionGuid = {769AE5A3-DBEB-4BEA-82B9-4A223ECE2635}
	EndGlobalSection
EndGlobal
